
Microsoft Visual Studio Solution File, Format Version 12.00
# Visual Studio 15
VisualStudioVersion = 15.0.26430.6
MinimumVisualStudioVersion = 10.0.40219.1
Project("{FAE04EC0-301F-11D3-BF4B-00C04F79EFBC}") = "WcfProxy", "WcfProxy\WcfProxy.csproj", "{8BC013D9-DF68-4DAD-9D55-FE3514FC2624}"
	ProjectSection(ProjectDependencies) = postProject
		{16FA6B81-F184-4148-AFA1-C671B12E7394} = {16FA6B81-F184-4148-AFA1-C671B12E7394}
	EndProjectSection
EndProject
Project("{FAE04EC0-301F-11D3-BF4B-00C04F79EFBC}") = "WcfServices", "WcfServices\WcfServices.csproj", "{16FA6B81-F184-4148-AFA1-C671B12E7394}"
EndProject
Project("{9A19103F-16F7-4668-BE54-9A1E7A4F7556}") = "NetCoreWebApp", "NetCoreWebApp\NetCoreWebApp.csproj", "{1662CCD6-7D7A-48D0-9D8D-A5FD29230BE6}"
EndProject
Global
	GlobalSection(SolutionConfigurationPlatforms) = preSolution
		Debug|Any CPU = Debug|Any CPU
		Release|Any CPU = Release|Any CPU
	EndGlobalSection
	GlobalSection(ProjectConfigurationPlatforms) = postSolution
		{8BC013D9-DF68-4DAD-9D55-FE3514FC2624}.Debug|Any CPU.ActiveCfg = Debug|Any CPU
		{8BC013D9-DF68-4DAD-9D55-FE3514FC2624}.Debug|Any CPU.Build.0 = Debug|Any CPU
		{8BC013D9-DF68-4DAD-9D55-FE3514FC2624}.Release|Any CPU.ActiveCfg = Release|Any CPU
		{8BC013D9-DF68-4DAD-9D55-FE3514FC2624}.Release|Any CPU.Build.0 = Release|Any CPU
		{16FA6B81-F184-4148-AFA1-C671B12E7394}.Debug|Any CPU.ActiveCfg = Debug|Any CPU
		{16FA6B81-F184-4148-AFA1-C671B12E7394}.Debug|Any CPU.Build.0 = Debug|Any CPU
		{16FA6B81-F184-4148-AFA1-C671B12E7394}.Release|Any CPU.ActiveCfg = Release|Any CPU
		{16FA6B81-F184-4148-AFA1-C671B12E7394}.Release|Any CPU.Build.0 = Release|Any CPU
		{1662CCD6-7D7A-48D0-9D8D-A5FD29230BE6}.Debug|Any CPU.ActiveCfg = Debug|Any CPU
		{1662CCD6-7D7A-48D0-9D8D-A5FD29230BE6}.Debug|Any CPU.Build.0 = Debug|Any CPU
		{1662CCD6-7D7A-48D0-9D8D-A5FD29230BE6}.Release|Any CPU.ActiveCfg = Release|Any CPU
		{1662CCD6-7D7A-48D0-9D8D-A5FD29230BE6}.Release|Any CPU.Build.0 = Release|Any CPU
	EndGlobalSection
	GlobalSection(SolutionProperties) = preSolution
		HideSolutionNode = FALSE
	EndGlobalSection
EndGlobal
